
Microsoft Visual Studio Solution File, Format Version 12.00
# Visual Studio 15
VisualStudioVersion = 15.0.28307.421
MinimumVisualStudioVersion = 10.0.40219.1
Project("{FAE04EC0-301F-11D3-BF4B-00C04F79EFBC}") = "Calculadora Unit Tested", "Calculadora Unit Tested\Calculadora Unit Tested.csproj", "{04980070-69C7-4ADA-85DF-289116AAD0F6}"
EndProject
Project("{FAE04EC0-301F-11D3-BF4B-00C04F79EFBC}") = "UnitTestMathBasico", "UnitTestMathBasico\UnitTestMathBasico.csproj", "{C02192CA-C58F-423B-A9FA-5571C999219F}"
EndProject
Global
	GlobalSection(SolutionConfigurationPlatforms) = preSolution
		Debug|Any CPU = Debug|Any CPU
		Release|Any CPU = Release|Any CPU
	EndGlobalSection
	GlobalSection(ProjectConfigurationPlatforms) = postSolution
		{04980070-69C7-4ADA-85DF-289116AAD0F6}.Debug|Any CPU.ActiveCfg = Debug|Any CPU
		{04980070-69C7-4ADA-85DF-289116AAD0F6}.Debug|Any CPU.Build.0 = Debug|Any CPU
		{04980070-69C7-4ADA-85DF-289116AAD0F6}.Release|Any CPU.ActiveCfg = Release|Any CPU
		{04980070-69C7-4ADA-85DF-289116AAD0F6}.Release|Any CPU.Build.0 = Release|Any CPU
		{C02192CA-C58F-423B-A9FA-5571C999219F}.Debug|Any CPU.ActiveCfg = Debug|Any CPU
		{C02192CA-C58F-423B-A9FA-5571C999219F}.Debug|Any CPU.Build.0 = Debug|Any CPU
		{C02192CA-C58F-423B-A9FA-5571C999219F}.Release|Any CPU.ActiveCfg = Release|Any CPU
		{C02192CA-C58F-423B-A9FA-5571C999219F}.Release|Any CPU.Build.0 = Release|Any CPU
	EndGlobalSection
	GlobalSection(SolutionProperties) = preSolution
		HideSolutionNode = FALSE
	EndGlobalSection
	GlobalSection(ExtensibilityGlobals) = postSolution
		SolutionGuid = {6385C341-BE86-4D25-8229-9686F2743D1E}
	EndGlobalSection
EndGlobal
